
Microsoft Visual Studio Solution File, Format Version 12.00
# Visual Studio Version 17
VisualStudioVersion = 17.0.31903.59
MinimumVisualStudioVersion = 10.0.40219.1
Project("{2150E333-8FDC-42A3-9474-1A3956D46DE8}") = "src", "src", "{2A453B92-6D96-4BCE-9799-E15A031AD42F}"
EndProject
Project("{FAE04EC0-301F-11D3-BF4B-00C04F79EFBC}") = "Framework", "src\Framework\Framework.csproj", "{A8CC7B32-B847-45F1-B235-10F9A1DFBD29}"
EndProject
Project("{2150E333-8FDC-42A3-9474-1A3956D46DE8}") = "tests", "tests", "{1B6C0692-6344-4145-94B2-BBAD7CF5E5E7}"
EndProject
Project("{FAE04EC0-301F-11D3-BF4B-00C04F79EFBC}") = "SauceDemo.Tests", "tests\SauceDemo.Tests\SauceDemo.Tests.csproj", "{7FD06EBA-DD6A-4C30-8515-4A7EDCDFF6BA}"
EndProject
Project("{FAE04EC0-301F-11D3-BF4B-00C04F79EFBC}") = "PetApi.Tests", "tests\PetApi.Tests\PetApi.Tests.csproj", "{86C9117C-274E-47F5-B014-8C3673295901}"
EndProject
Project("{2150E333-8FDC-42A3-9474-1A3956D46DE8}") = "SauceDemo", "SauceDemo", "{3FCE9C96-5A98-413A-95DA-20517F095439}"
EndProject
Project("{FAE04EC0-301F-11D3-BF4B-00C04F79EFBC}") = "SauceDemo.Application", "src\SauceDemo\SauceDemo.Application\SauceDemo.Application.csproj", "{B7AD7E7C-BD1D-4430-BF5B-E967A0A8E7F7}"
EndProject
Project("{FAE04EC0-301F-11D3-BF4B-00C04F79EFBC}") = "SauceDemo.Domain", "src\SauceDemo\SauceDemo.Domain\SauceDemo.Domain.csproj", "{286F42CF-6366-4214-B424-BA660626EA6F}"
EndProject
Project("{2150E333-8FDC-42A3-9474-1A3956D46DE8}") = "PetApi", "PetApi", "{2C435B18-1D76-4705-9B79-971234300963}"
EndProject
Project("{FAE04EC0-301F-11D3-BF4B-00C04F79EFBC}") = "PetApi.Application", "src\PetApi\PetApi.Application\PetApi.Application.csproj", "{8FB482CE-CCD5-4490-BDFE-34CB3941284F}"
EndProject
Project("{FAE04EC0-301F-11D3-BF4B-00C04F79EFBC}") = "PetApi.Domain", "src\PetApi\PetApi.Domain\PetApi.Domain.csproj", "{AC46429C-FE11-496F-938E-8624771A0FF8}"
EndProject
Global
	GlobalSection(SolutionConfigurationPlatforms) = preSolution
		Debug|Any CPU = Debug|Any CPU
		Release|Any CPU = Release|Any CPU
	EndGlobalSection
	GlobalSection(SolutionProperties) = preSolution
		HideSolutionNode = FALSE
	EndGlobalSection
	GlobalSection(ProjectConfigurationPlatforms) = postSolution
		{A8CC7B32-B847-45F1-B235-10F9A1DFBD29}.Debug|Any CPU.ActiveCfg = Debug|Any CPU
		{A8CC7B32-B847-45F1-B235-10F9A1DFBD29}.Debug|Any CPU.Build.0 = Debug|Any CPU
		{A8CC7B32-B847-45F1-B235-10F9A1DFBD29}.Release|Any CPU.ActiveCfg = Release|Any CPU
		{A8CC7B32-B847-45F1-B235-10F9A1DFBD29}.Release|Any CPU.Build.0 = Release|Any CPU
		{7FD06EBA-DD6A-4C30-8515-4A7EDCDFF6BA}.Debug|Any CPU.ActiveCfg = Debug|Any CPU
		{7FD06EBA-DD6A-4C30-8515-4A7EDCDFF6BA}.Debug|Any CPU.Build.0 = Debug|Any CPU
		{7FD06EBA-DD6A-4C30-8515-4A7EDCDFF6BA}.Release|Any CPU.ActiveCfg = Release|Any CPU
		{7FD06EBA-DD6A-4C30-8515-4A7EDCDFF6BA}.Release|Any CPU.Build.0 = Release|Any CPU
		{86C9117C-274E-47F5-B014-8C3673295901}.Debug|Any CPU.ActiveCfg = Debug|Any CPU
		{86C9117C-274E-47F5-B014-8C3673295901}.Debug|Any CPU.Build.0 = Debug|Any CPU
		{86C9117C-274E-47F5-B014-8C3673295901}.Release|Any CPU.ActiveCfg = Release|Any CPU
		{86C9117C-274E-47F5-B014-8C3673295901}.Release|Any CPU.Build.0 = Release|Any CPU
		{B7AD7E7C-BD1D-4430-BF5B-E967A0A8E7F7}.Debug|Any CPU.ActiveCfg = Debug|Any CPU
		{B7AD7E7C-BD1D-4430-BF5B-E967A0A8E7F7}.Debug|Any CPU.Build.0 = Debug|Any CPU
		{B7AD7E7C-BD1D-4430-BF5B-E967A0A8E7F7}.Release|Any CPU.ActiveCfg = Release|Any CPU
		{B7AD7E7C-BD1D-4430-BF5B-E967A0A8E7F7}.Release|Any CPU.Build.0 = Release|Any CPU
		{286F42CF-6366-4214-B424-BA660626EA6F}.Debug|Any CPU.ActiveCfg = Debug|Any CPU
		{286F42CF-6366-4214-B424-BA660626EA6F}.Debug|Any CPU.Build.0 = Debug|Any CPU
		{286F42CF-6366-4214-B424-BA660626EA6F}.Release|Any CPU.ActiveCfg = Release|Any CPU
		{286F42CF-6366-4214-B424-BA660626EA6F}.Release|Any CPU.Build.0 = Release|Any CPU
		{8FB482CE-CCD5-4490-BDFE-34CB3941284F}.Debug|Any CPU.ActiveCfg = Debug|Any CPU
		{8FB482CE-CCD5-4490-BDFE-34CB3941284F}.Debug|Any CPU.Build.0 = Debug|Any CPU
		{8FB482CE-CCD5-4490-BDFE-34CB3941284F}.Release|Any CPU.ActiveCfg = Release|Any CPU
		{8FB482CE-CCD5-4490-BDFE-34CB3941284F}.Release|Any CPU.Build.0 = Release|Any CPU
		{AC46429C-FE11-496F-938E-8624771A0FF8}.Debug|Any CPU.ActiveCfg = Debug|Any CPU
		{AC46429C-FE11-496F-938E-8624771A0FF8}.Debug|Any CPU.Build.0 = Debug|Any CPU
		{AC46429C-FE11-496F-938E-8624771A0FF8}.Release|Any CPU.ActiveCfg = Release|Any CPU
		{AC46429C-FE11-496F-938E-8624771A0FF8}.Release|Any CPU.Build.0 = Release|Any CPU
	EndGlobalSection
	GlobalSection(NestedProjects) = preSolution
		{A8CC7B32-B847-45F1-B235-10F9A1DFBD29} = {2A453B92-6D96-4BCE-9799-E15A031AD42F}
		{7FD06EBA-DD6A-4C30-8515-4A7EDCDFF6BA} = {1B6C0692-6344-4145-94B2-BBAD7CF5E5E7}
		{86C9117C-274E-47F5-B014-8C3673295901} = {1B6C0692-6344-4145-94B2-BBAD7CF5E5E7}
		{3FCE9C96-5A98-413A-95DA-20517F095439} = {2A453B92-6D96-4BCE-9799-E15A031AD42F}
		{B7AD7E7C-BD1D-4430-BF5B-E967A0A8E7F7} = {3FCE9C96-5A98-413A-95DA-20517F095439}
		{286F42CF-6366-4214-B424-BA660626EA6F} = {3FCE9C96-5A98-413A-95DA-20517F095439}
		{2C435B18-1D76-4705-9B79-971234300963} = {2A453B92-6D96-4BCE-9799-E15A031AD42F}
		{8FB482CE-CCD5-4490-BDFE-34CB3941284F} = {2C435B18-1D76-4705-9B79-971234300963}
		{AC46429C-FE11-496F-938E-8624771A0FF8} = {2C435B18-1D76-4705-9B79-971234300963}
	EndGlobalSection
EndGlobal
